<Solution>
  <Project Path="MoreMountains.Tools.csproj" />
  <Project Path="MoreMountains.Tools.Editor.csproj" />
  <Project Path="Ember.UIExtension.Runtime.csproj" />
  <Project Path="Ember.Basic.Runtime.csproj" />
  <Project Path="UniTask.csproj" />
  <Project Path="Assembly-CSharp.csproj" />
  <Project Path="DOTween.Modules.csproj" />
  <Project Path="Ember.UIExtension.Editor.csproj" />
  <Project Path="UniTask.Linq.csproj" />
  <Project Path="Ember.Resource.Runtime.csproj" />
  <Project Path="Ember.Extensions.csproj" />
  <Project Path="Lofelt.NiceVibrations.csproj" />
  <Project Path="Borodar.RainbowHierarchy.Editor.csproj" />
  <Project Path="Ember.Basic.Editor.csproj" />
  <Project Path="Lofelt.NiceVibrations.Demo.csproj" />
  <Project Path="Ember.UI.Runtime.csproj" />
  <Project Path="Ember.Core.Runtime.csproj" />
  <Project Path="Ember.Scene.Runtime.csproj" />
  <Project Path="Borodar.RainbowFolders.csproj" />
  <Project Path="UniTask.TextMeshPro.csproj" />
  <Project Path="Lofelt.NiceVibrations.Editor.csproj" />
  <Project Path="Ember.Core.Editor.csproj" />
  <Project Path="UniTask.Editor.csproj" />
  <Project Path="Borodar.RainbowHierarchy.csproj" />
  <Project Path="Sirenix.OdinInspector.Modules.UnityMathematics.csproj" />
  <Project Path="Ember.Editor.csproj" />
  <Project Path="InputDeviceDetector.csproj" />
  <Project Path="FlyingWorm.ConsolePro.Editor.csproj" />
  <Project Path="Assembly-CSharp-Editor.csproj" />
  <Project Path="Ember.Input.Runtime.csproj" />
  <Project Path="UniTask.Addressables.csproj" />
  <Project Path="Ember.Camera.Runtime.csproj" />
  <Project Path="Ember.Audio.Runtime.csproj" />
  <Project Path="UniTask.DOTween.csproj" />
  <Project Path="FlyingWorm.ConsolePro.Runtime.csproj" />
</Solution>
