<Solution>
  <Project Path="MoreMountains.Tools.csproj" />
  <Project Path="MoreMountains.Tools.Editor.csproj" />
  <Project Path="DOTween.Modules.csproj" />
  <Project Path="Lofelt.NiceVibrations.csproj" />
  <Project Path="Lofelt.NiceVibrations.Demo.csproj" />
  <Project Path="Lofelt.NiceVibrations.Editor.csproj" />
  <Project Path="Assembly-CSharp.csproj" />
  <Project Path="Sirenix.OdinInspector.Modules.UnityMathematics.csproj" />
  <Project Path="Assembly-CSharp-Editor.csproj" />
  <Project Path="InputDeviceDetector.csproj" />
  <Project Path="FlyingWorm.ConsolePro.Editor.csproj" />
  <Project Path="FlyingWorm.ConsolePro.Runtime.csproj" />
</Solution>
